
Microsoft Visual Studio Solution File, Format Version 12.00
# Visual Studio Version 17
VisualStudioVersion = 17.0.31903.59
MinimumVisualStudioVersion = 10.0.40219.1
Project("{FAE04EC0-301F-11D3-BF4B-00C04F79EFBC}") = "BiznesradarPLScraper", "BiznesradarPLScraper\BiznesradarPLScraper.csproj", "{3B1D50B8-8F4D-450B-B20D-41EF6F7335C9}"
EndProject
Global
	GlobalSection(SolutionConfigurationPlatforms) = preSolution
		Debug|Any CPU = Debug|Any CPU
		Release|Any CPU = Release|Any CPU
	EndGlobalSection
	GlobalSection(ProjectConfigurationPlatforms) = postSolution
		{3B1D50B8-8F4D-450B-B20D-41EF6F7335C9}.Debug|Any CPU.ActiveCfg = Debug|Any CPU
		{3B1D50B8-8F4D-450B-B20D-41EF6F7335C9}.Debug|Any CPU.Build.0 = Debug|Any CPU
		{3B1D50B8-8F4D-450B-B20D-41EF6F7335C9}.Release|Any CPU.ActiveCfg = Release|Any CPU
		{3B1D50B8-8F4D-450B-B20D-41EF6F7335C9}.Release|Any CPU.Build.0 = Release|Any CPU
	EndGlobalSection
	GlobalSection(SolutionProperties) = preSolution
		HideSolutionNode = FALSE
	EndGlobalSection
	GlobalSection(ExtensibilityGlobals) = postSolution
		SolutionGuid = {5FCDE6E2-AA1A-43C9-BEAB-68872061EDE5}
	EndGlobalSection
EndGlobal
